
Microsoft Visual Studio Solution File, Format Version 12.00
# Visual Studio Version 17
VisualStudioVersion = 17.12.35514.174 d17.12
MinimumVisualStudioVersion = 10.0.40219.1
Project("{8BC9CEB8-8B4A-11D0-8D11-00A0C91BC942}") = "task_2.1", "task_2.1\task_2.1.vcxproj", "{68920CC4-253A-4FAF-B191-6C792670339D}"
EndProject
Project("{8BC9CEB8-8B4A-11D0-8D11-00A0C91BC942}") = "task_1.1", "task_1\task_1.vcxproj", "{9D1CFE99-AE3D-4D70-AC27-69E6E512422C}"
EndProject
Project("{8BC9CEB8-8B4A-11D0-8D11-00A0C91BC942}") = "task_1.2", "task_1.2\task_1.2.vcxproj", "{B6A2D05E-1280-4B72-8C1C-5A3BA8012978}"
EndProject
Project("{8BC9CEB8-8B4A-11D0-8D11-00A0C91BC942}") = "task_1.3", "task_1.3\task_1.3.vcxproj", "{CF54D134-375E-494E-BEC9-C6BE2D03729D}"
EndProject
Project("{8BC9CEB8-8B4A-11D0-8D11-00A0C91BC942}") = "task_2.2", "task_2.2\task_2.2.vcxproj", "{EE59871B-87C1-417B-B4E4-2BD17A98DFC7}"
EndProject
Global
	GlobalSection(SolutionConfigurationPlatforms) = preSolution
		Debug|x64 = Debug|x64
		Debug|x86 = Debug|x86
		Release|x64 = Release|x64
		Release|x86 = Release|x86
	EndGlobalSection
	GlobalSection(ProjectConfigurationPlatforms) = postSolution
		{68920CC4-253A-4FAF-B191-6C792670339D}.Debug|x64.ActiveCfg = Debug|x64
		{68920CC4-253A-4FAF-B191-6C792670339D}.Debug|x64.Build.0 = Debug|x64
		{68920CC4-253A-4FAF-B191-6C792670339D}.Debug|x86.ActiveCfg = Debug|Win32
		{68920CC4-253A-4FAF-B191-6C792670339D}.Debug|x86.Build.0 = Debug|Win32
		{68920CC4-253A-4FAF-B191-6C792670339D}.Release|x64.ActiveCfg = Release|x64
		{68920CC4-253A-4FAF-B191-6C792670339D}.Release|x64.Build.0 = Release|x64
		{68920CC4-253A-4FAF-B191-6C792670339D}.Release|x86.ActiveCfg = Release|Win32
		{68920CC4-253A-4FAF-B191-6C792670339D}.Release|x86.Build.0 = Release|Win32
		{9D1CFE99-AE3D-4D70-AC27-69E6E512422C}.Debug|x64.ActiveCfg = Debug|x64
		{9D1CFE99-AE3D-4D70-AC27-69E6E512422C}.Debug|x64.Build.0 = Debug|x64
		{9D1CFE99-AE3D-4D70-AC27-69E6E512422C}.Debug|x86.ActiveCfg = Debug|Win32
		{9D1CFE99-AE3D-4D70-AC27-69E6E512422C}.Debug|x86.Build.0 = Debug|Win32
		{9D1CFE99-AE3D-4D70-AC27-69E6E512422C}.Release|x64.ActiveCfg = Release|x64
		{9D1CFE99-AE3D-4D70-AC27-69E6E512422C}.Release|x64.Build.0 = Release|x64
		{9D1CFE99-AE3D-4D70-AC27-69E6E512422C}.Release|x86.ActiveCfg = Release|Win32
		{9D1CFE99-AE3D-4D70-AC27-69E6E512422C}.Release|x86.Build.0 = Release|Win32
		{B6A2D05E-1280-4B72-8C1C-5A3BA8012978}.Debug|x64.ActiveCfg = Debug|x64
		{B6A2D05E-1280-4B72-8C1C-5A3BA8012978}.Debug|x64.Build.0 = Debug|x64
		{B6A2D05E-1280-4B72-8C1C-5A3BA8012978}.Debug|x86.ActiveCfg = Debug|Win32
		{B6A2D05E-1280-4B72-8C1C-5A3BA8012978}.Debug|x86.Build.0 = Debug|Win32
		{B6A2D05E-1280-4B72-8C1C-5A3BA8012978}.Release|x64.ActiveCfg = Release|x64
		{B6A2D05E-1280-4B72-8C1C-5A3BA8012978}.Release|x64.Build.0 = Release|x64
		{B6A2D05E-1280-4B72-8C1C-5A3BA8012978}.Release|x86.ActiveCfg = Release|Win32
		{B6A2D05E-1280-4B72-8C1C-5A3BA8012978}.Release|x86.Build.0 = Release|Win32
		{CF54D134-375E-494E-BEC9-C6BE2D03729D}.Debug|x64.ActiveCfg = Debug|x64
		{CF54D134-375E-494E-BEC9-C6BE2D03729D}.Debug|x64.Build.0 = Debug|x64
		{CF54D134-375E-494E-BEC9-C6BE2D03729D}.Debug|x86.ActiveCfg = Debug|Win32
		{CF54D134-375E-494E-BEC9-C6BE2D03729D}.Debug|x86.Build.0 = Debug|Win32
		{CF54D134-375E-494E-BEC9-C6BE2D03729D}.Release|x64.ActiveCfg = Release|x64
		{CF54D134-375E-494E-BEC9-C6BE2D03729D}.Release|x64.Build.0 = Release|x64
		{CF54D134-375E-494E-BEC9-C6BE2D03729D}.Release|x86.ActiveCfg = Release|Win32
		{CF54D134-375E-494E-BEC9-C6BE2D03729D}.Release|x86.Build.0 = Release|Win32
		{EE59871B-87C1-417B-B4E4-2BD17A98DFC7}.Debug|x64.ActiveCfg = Debug|x64
		{EE59871B-87C1-417B-B4E4-2BD17A98DFC7}.Debug|x64.Build.0 = Debug|x64
		{EE59871B-87C1-417B-B4E4-2BD17A98DFC7}.Debug|x86.ActiveCfg = Debug|Win32
		{EE59871B-87C1-417B-B4E4-2BD17A98DFC7}.Debug|x86.Build.0 = Debug|Win32
		{EE59871B-87C1-417B-B4E4-2BD17A98DFC7}.Release|x64.ActiveCfg = Release|x64
		{EE59871B-87C1-417B-B4E4-2BD17A98DFC7}.Release|x64.Build.0 = Release|x64
		{EE59871B-87C1-417B-B4E4-2BD17A98DFC7}.Release|x86.ActiveCfg = Release|Win32
		{EE59871B-87C1-417B-B4E4-2BD17A98DFC7}.Release|x86.Build.0 = Release|Win32
	EndGlobalSection
	GlobalSection(SolutionProperties) = preSolution
		HideSolutionNode = FALSE
	EndGlobalSection
EndGlobal
